
Microsoft Visual Studio Solution File, Format Version 12.00
# Visual Studio Version 17
VisualStudioVersion = 17.11.35303.130
MinimumVisualStudioVersion = 10.0.40219.1
Project("{2150E333-8FDC-42A3-9474-1A3956D46DE8}") = "Task0", "Task0", "{B1BED4AD-4920-434D-B37C-87C889937CE7}"
EndProject
Project("{FAE04EC0-301F-11D3-BF4B-00C04F79EFBC}") = "Tyuiu.ParazyanAI.Sprint0.Task0.V0", "Tyuiu.ParazyanAI.Sprint0.Task0.V0\Tyuiu.ParazyanAI.Sprint0.Task0.V0.csproj", "{EF6D347F-B4D7-488B-BD5F-232DD792E383}"
EndProject
Project("{2150E333-8FDC-42A3-9474-1A3956D46DE8}") = "Task1", "Task1", "{83C288C9-FD36-467C-A96A-91F769DD8463}"
EndProject
Project("{FAE04EC0-301F-11D3-BF4B-00C04F79EFBC}") = "Tyuiu.ParazyanAI.Sprint0.Task1.v0", "Tyuiu.ParazyanAI.Sprint0.Task1.v0\Tyuiu.ParazyanAI.Sprint0.Task1.v0.csproj", "{640D663A-CE5E-4F57-83E6-D11160050AE0}"
EndProject
Project("{2150E333-8FDC-42A3-9474-1A3956D46DE8}") = "Task2", "Task2", "{0426E6EA-815B-4BA7-9030-E0DF230CFDFF}"
EndProject
Project("{FAE04EC0-301F-11D3-BF4B-00C04F79EFBC}") = "Tyuiu.ParazyanAI.Sprint0.Task2.V0", "Tyuiu.ParazyanAI.Sprint0.Task2.V0\Tyuiu.ParazyanAI.Sprint0.Task2.V0.csproj", "{701845D8-CD14-403D-A30D-A59381547064}"
EndProject
Project("{FAE04EC0-301F-11D3-BF4B-00C04F79EFBC}") = "Tyuiu.ParazyanAI.Sprint0.Task2.V0.Lib", "Tyuiu.ParazyanAI.Sprint0.Task2.V0.Lib\Tyuiu.ParazyanAI.Sprint0.Task2.V0.Lib.csproj", "{A2BCF646-9B1A-4179-A174-DF0800B80AF0}"
EndProject
Project("{FAE04EC0-301F-11D3-BF4B-00C04F79EFBC}") = "Tyuiu.ParazyanAI.Sprint0.Task2.V0.Test", "Tyuiu.ParazyanAI.Sprint0.Task2.V0.Test\Tyuiu.ParazyanAI.Sprint0.Task2.V0.Test.csproj", "{3515741C-1D69-4EA4-8094-4C35DACF57AA}"
EndProject
Project("{2150E333-8FDC-42A3-9474-1A3956D46DE8}") = "Task3", "Task3", "{A33F186F-6B08-4133-BEB4-007B9FC40D14}"
EndProject
Project("{FAE04EC0-301F-11D3-BF4B-00C04F79EFBC}") = "Tyuiu.ParazyanAI.Sprint0.Task3.V0", "Tyuiu.ParazyanAI.Sprint0.Task3.V0\Tyuiu.ParazyanAI.Sprint0.Task3.V0.csproj", "{BBD0E3C0-CDEA-4FF6-91C9-19A30F3F6CF9}"
EndProject
Project("{FAE04EC0-301F-11D3-BF4B-00C04F79EFBC}") = "Tyuiu.ParazyanAI.Sprint0.Task3.V0.Lib", "Tyuiu.ParazyanAI.Sprint0.Task3.V0.Lib\Tyuiu.ParazyanAI.Sprint0.Task3.V0.Lib.csproj", "{042D2DC4-3401-432A-99CA-DADEBC9D1F56}"
EndProject
Project("{FAE04EC0-301F-11D3-BF4B-00C04F79EFBC}") = "Tyuiu.ParazyanAI.Sprint0.Task3.V0.Test", "Tyuiu.ParazyanAI.Sprint0.Task3.V0.Test\Tyuiu.ParazyanAI.Sprint0.Task3.V0.Test.csproj", "{F9F1B2E6-C556-45E0-8B27-06B6128C4D71}"
EndProject
Project("{2150E333-8FDC-42A3-9474-1A3956D46DE8}") = "Task4", "Task4", "{DC585569-1CC4-4372-A583-253EA510EF8D}"
EndProject
Project("{FAE04EC0-301F-11D3-BF4B-00C04F79EFBC}") = "Tyuiu.ParazyanAI.Sprint0.Task4.V0", "Tyuiu.ParazyanAI.Sprint0.Task4.V0\Tyuiu.ParazyanAI.Sprint0.Task4.V0.csproj", "{1D7D8AFA-B02D-44B9-8685-6EB20FE5A75F}"
EndProject
Project("{FAE04EC0-301F-11D3-BF4B-00C04F79EFBC}") = "Tyuiu.ParazyanAI.Sprint0.Task4.V0.Test", "Tyuiu.ParazyanAI.Sprint0.Task4.V0.Test\Tyuiu.ParazyanAI.Sprint0.Task4.V0.Test.csproj", "{E4A8206E-4F99-4478-808F-D6E7BAA177B5}"
EndProject
Project("{FAE04EC0-301F-11D3-BF4B-00C04F79EFBC}") = "Tyuiu.ParazyanAI.Sprint0.Task4.V0.Lib", "Tyuiu.ParazyanAI.Sprint0.Task4.V0.Lib\Tyuiu.ParazyanAI.Sprint0.Task4.V0.Lib.csproj", "{013ECF39-A055-4FCD-9EB0-A513BBA8C79D}"
EndProject
Project("{2150E333-8FDC-42A3-9474-1A3956D46DE8}") = "Task5", "Task5", "{E9ADE928-7D7A-4C21-9631-B95F48A6985D}"
EndProject
Project("{FAE04EC0-301F-11D3-BF4B-00C04F79EFBC}") = "Tyuiu.ParazyanAI.Sprint0.Task5.V0", "Tyuiu.ParazyanAI.Sprint0.Task5.V0\Tyuiu.ParazyanAI.Sprint0.Task5.V0.csproj", "{E303CB0D-F3CF-4D89-9BE7-13218DCBCE15}"
EndProject
Project("{FAE04EC0-301F-11D3-BF4B-00C04F79EFBC}") = "Tyuiu.ParazyanAI.Sprint0.Task5.V0.Lib", "Tyuiu.ParazyanAI.Sprint0.Task5.V0.Lib\Tyuiu.ParazyanAI.Sprint0.Task5.V0.Lib.csproj", "{49A48835-076D-430B-89B4-7CFA62A34C04}"
EndProject
Project("{FAE04EC0-301F-11D3-BF4B-00C04F79EFBC}") = "Tyuiu.ParazyanAI.Sprint0.Task5.V0.Test", "Tyuiu.ParazyanAI.Sprint0.Task5.V0.Test\Tyuiu.ParazyanAI.Sprint0.Task5.V0.Test.csproj", "{E949442E-7874-4673-9E86-0E4578BD9534}"
EndProject
Global
	GlobalSection(SolutionConfigurationPlatforms) = preSolution
		Debug|Any CPU = Debug|Any CPU
		Release|Any CPU = Release|Any CPU
	EndGlobalSection
	GlobalSection(ProjectConfigurationPlatforms) = postSolution
		{EF6D347F-B4D7-488B-BD5F-232DD792E383}.Debug|Any CPU.ActiveCfg = Debug|Any CPU
		{EF6D347F-B4D7-488B-BD5F-232DD792E383}.Debug|Any CPU.Build.0 = Debug|Any CPU
		{EF6D347F-B4D7-488B-BD5F-232DD792E383}.Release|Any CPU.ActiveCfg = Release|Any CPU
		{EF6D347F-B4D7-488B-BD5F-232DD792E383}.Release|Any CPU.Build.0 = Release|Any CPU
		{640D663A-CE5E-4F57-83E6-D11160050AE0}.Debug|Any CPU.ActiveCfg = Debug|Any CPU
		{640D663A-CE5E-4F57-83E6-D11160050AE0}.Debug|Any CPU.Build.0 = Debug|Any CPU
		{640D663A-CE5E-4F57-83E6-D11160050AE0}.Release|Any CPU.ActiveCfg = Release|Any CPU
		{640D663A-CE5E-4F57-83E6-D11160050AE0}.Release|Any CPU.Build.0 = Release|Any CPU
		{701845D8-CD14-403D-A30D-A59381547064}.Debug|Any CPU.ActiveCfg = Debug|Any CPU
		{701845D8-CD14-403D-A30D-A59381547064}.Debug|Any CPU.Build.0 = Debug|Any CPU
		{701845D8-CD14-403D-A30D-A59381547064}.Release|Any CPU.ActiveCfg = Release|Any CPU
		{701845D8-CD14-403D-A30D-A59381547064}.Release|Any CPU.Build.0 = Release|Any CPU
		{A2BCF646-9B1A-4179-A174-DF0800B80AF0}.Debug|Any CPU.ActiveCfg = Debug|Any CPU
		{A2BCF646-9B1A-4179-A174-DF0800B80AF0}.Debug|Any CPU.Build.0 = Debug|Any CPU
		{A2BCF646-9B1A-4179-A174-DF0800B80AF0}.Release|Any CPU.ActiveCfg = Release|Any CPU
		{A2BCF646-9B1A-4179-A174-DF0800B80AF0}.Release|Any CPU.Build.0 = Release|Any CPU
		{3515741C-1D69-4EA4-8094-4C35DACF57AA}.Debug|Any CPU.ActiveCfg = Debug|Any CPU
		{3515741C-1D69-4EA4-8094-4C35DACF57AA}.Debug|Any CPU.Build.0 = Debug|Any CPU
		{3515741C-1D69-4EA4-8094-4C35DACF57AA}.Release|Any CPU.ActiveCfg = Release|Any CPU
		{3515741C-1D69-4EA4-8094-4C35DACF57AA}.Release|Any CPU.Build.0 = Release|Any CPU
		{BBD0E3C0-CDEA-4FF6-91C9-19A30F3F6CF9}.Debug|Any CPU.ActiveCfg = Debug|Any CPU
		{BBD0E3C0-CDEA-4FF6-91C9-19A30F3F6CF9}.Debug|Any CPU.Build.0 = Debug|Any CPU
		{BBD0E3C0-CDEA-4FF6-91C9-19A30F3F6CF9}.Release|Any CPU.ActiveCfg = Release|Any CPU
		{BBD0E3C0-CDEA-4FF6-91C9-19A30F3F6CF9}.Release|Any CPU.Build.0 = Release|Any CPU
		{042D2DC4-3401-432A-99CA-DADEBC9D1F56}.Debug|Any CPU.ActiveCfg = Debug|Any CPU
		{042D2DC4-3401-432A-99CA-DADEBC9D1F56}.Debug|Any CPU.Build.0 = Debug|Any CPU
		{042D2DC4-3401-432A-99CA-DADEBC9D1F56}.Release|Any CPU.ActiveCfg = Release|Any CPU
		{042D2DC4-3401-432A-99CA-DADEBC9D1F56}.Release|Any CPU.Build.0 = Release|Any CPU
		{F9F1B2E6-C556-45E0-8B27-06B6128C4D71}.Debug|Any CPU.ActiveCfg = Debug|Any CPU
		{F9F1B2E6-C556-45E0-8B27-06B6128C4D71}.Debug|Any CPU.Build.0 = Debug|Any CPU
		{F9F1B2E6-C556-45E0-8B27-06B6128C4D71}.Release|Any CPU.ActiveCfg = Release|Any CPU
		{F9F1B2E6-C556-45E0-8B27-06B6128C4D71}.Release|Any CPU.Build.0 = Release|Any CPU
		{1D7D8AFA-B02D-44B9-8685-6EB20FE5A75F}.Debug|Any CPU.ActiveCfg = Debug|Any CPU
		{1D7D8AFA-B02D-44B9-8685-6EB20FE5A75F}.Debug|Any CPU.Build.0 = Debug|Any CPU
		{1D7D8AFA-B02D-44B9-8685-6EB20FE5A75F}.Release|Any CPU.ActiveCfg = Release|Any CPU
		{1D7D8AFA-B02D-44B9-8685-6EB20FE5A75F}.Release|Any CPU.Build.0 = Release|Any CPU
		{E4A8206E-4F99-4478-808F-D6E7BAA177B5}.Debug|Any CPU.ActiveCfg = Debug|Any CPU
		{E4A8206E-4F99-4478-808F-D6E7BAA177B5}.Debug|Any CPU.Build.0 = Debug|Any CPU
		{E4A8206E-4F99-4478-808F-D6E7BAA177B5}.Release|Any CPU.ActiveCfg = Release|Any CPU
		{E4A8206E-4F99-4478-808F-D6E7BAA177B5}.Release|Any CPU.Build.0 = Release|Any CPU
		{013ECF39-A055-4FCD-9EB0-A513BBA8C79D}.Debug|Any CPU.ActiveCfg = Debug|Any CPU
		{013ECF39-A055-4FCD-9EB0-A513BBA8C79D}.Debug|Any CPU.Build.0 = Debug|Any CPU
		{013ECF39-A055-4FCD-9EB0-A513BBA8C79D}.Release|Any CPU.ActiveCfg = Release|Any CPU
		{013ECF39-A055-4FCD-9EB0-A513BBA8C79D}.Release|Any CPU.Build.0 = Release|Any CPU
		{E303CB0D-F3CF-4D89-9BE7-13218DCBCE15}.Debug|Any CPU.ActiveCfg = Debug|Any CPU
		{E303CB0D-F3CF-4D89-9BE7-13218DCBCE15}.Debug|Any CPU.Build.0 = Debug|Any CPU
		{E303CB0D-F3CF-4D89-9BE7-13218DCBCE15}.Release|Any CPU.ActiveCfg = Release|Any CPU
		{E303CB0D-F3CF-4D89-9BE7-13218DCBCE15}.Release|Any CPU.Build.0 = Release|Any CPU
		{49A48835-076D-430B-89B4-7CFA62A34C04}.Debug|Any CPU.ActiveCfg = Debug|Any CPU
		{49A48835-076D-430B-89B4-7CFA62A34C04}.Debug|Any CPU.Build.0 = Debug|Any CPU
		{49A48835-076D-430B-89B4-7CFA62A34C04}.Release|Any CPU.ActiveCfg = Release|Any CPU
		{49A48835-076D-430B-89B4-7CFA62A34C04}.Release|Any CPU.Build.0 = Release|Any CPU
		{E949442E-7874-4673-9E86-0E4578BD9534}.Debug|Any CPU.ActiveCfg = Debug|Any CPU
		{E949442E-7874-4673-9E86-0E4578BD9534}.Debug|Any CPU.Build.0 = Debug|Any CPU
		{E949442E-7874-4673-9E86-0E4578BD9534}.Release|Any CPU.ActiveCfg = Release|Any CPU
		{E949442E-7874-4673-9E86-0E4578BD9534}.Release|Any CPU.Build.0 = Release|Any CPU
	EndGlobalSection
	GlobalSection(SolutionProperties) = preSolution
		HideSolutionNode = FALSE
	EndGlobalSection
	GlobalSection(NestedProjects) = preSolution
		{EF6D347F-B4D7-488B-BD5F-232DD792E383} = {B1BED4AD-4920-434D-B37C-87C889937CE7}
		{640D663A-CE5E-4F57-83E6-D11160050AE0} = {83C288C9-FD36-467C-A96A-91F769DD8463}
		{701845D8-CD14-403D-A30D-A59381547064} = {0426E6EA-815B-4BA7-9030-E0DF230CFDFF}
		{A2BCF646-9B1A-4179-A174-DF0800B80AF0} = {0426E6EA-815B-4BA7-9030-E0DF230CFDFF}
		{3515741C-1D69-4EA4-8094-4C35DACF57AA} = {0426E6EA-815B-4BA7-9030-E0DF230CFDFF}
		{BBD0E3C0-CDEA-4FF6-91C9-19A30F3F6CF9} = {A33F186F-6B08-4133-BEB4-007B9FC40D14}
		{042D2DC4-3401-432A-99CA-DADEBC9D1F56} = {A33F186F-6B08-4133-BEB4-007B9FC40D14}
		{F9F1B2E6-C556-45E0-8B27-06B6128C4D71} = {A33F186F-6B08-4133-BEB4-007B9FC40D14}
		{1D7D8AFA-B02D-44B9-8685-6EB20FE5A75F} = {DC585569-1CC4-4372-A583-253EA510EF8D}
		{E4A8206E-4F99-4478-808F-D6E7BAA177B5} = {DC585569-1CC4-4372-A583-253EA510EF8D}
		{013ECF39-A055-4FCD-9EB0-A513BBA8C79D} = {DC585569-1CC4-4372-A583-253EA510EF8D}
		{E303CB0D-F3CF-4D89-9BE7-13218DCBCE15} = {E9ADE928-7D7A-4C21-9631-B95F48A6985D}
		{49A48835-076D-430B-89B4-7CFA62A34C04} = {E9ADE928-7D7A-4C21-9631-B95F48A6985D}
		{E949442E-7874-4673-9E86-0E4578BD9534} = {E9ADE928-7D7A-4C21-9631-B95F48A6985D}
	EndGlobalSection
	GlobalSection(ExtensibilityGlobals) = postSolution
		SolutionGuid = {8281AB90-F62A-4DD3-845C-006FA77DCEAD}
	EndGlobalSection
EndGlobal
