
Microsoft Visual Studio Solution File, Format Version 12.00
# Visual Studio Version 17
VisualStudioVersion = 17.11.35303.130
MinimumVisualStudioVersion = 10.0.40219.1
Project("{2150E333-8FDC-42A3-9474-1A3956D46DE8}") = "Task0", "Task0", "{B1BED4AD-4920-434D-B37C-87C889937CE7}"
EndProject
Project("{FAE04EC0-301F-11D3-BF4B-00C04F79EFBC}") = "Tyuiu.ParazyanAI.Sprint0.Task0.V0", "Tyuiu.ParazyanAI.Sprint0.Task0.V0\Tyuiu.ParazyanAI.Sprint0.Task0.V0.csproj", "{EF6D347F-B4D7-488B-BD5F-232DD792E383}"
EndProject
Global
	GlobalSection(SolutionConfigurationPlatforms) = preSolution
		Debug|Any CPU = Debug|Any CPU
		Release|Any CPU = Release|Any CPU
	EndGlobalSection
	GlobalSection(ProjectConfigurationPlatforms) = postSolution
		{EF6D347F-B4D7-488B-BD5F-232DD792E383}.Debug|Any CPU.ActiveCfg = Debug|Any CPU
		{EF6D347F-B4D7-488B-BD5F-232DD792E383}.Debug|Any CPU.Build.0 = Debug|Any CPU
		{EF6D347F-B4D7-488B-BD5F-232DD792E383}.Release|Any CPU.ActiveCfg = Release|Any CPU
		{EF6D347F-B4D7-488B-BD5F-232DD792E383}.Release|Any CPU.Build.0 = Release|Any CPU
	EndGlobalSection
	GlobalSection(SolutionProperties) = preSolution
		HideSolutionNode = FALSE
	EndGlobalSection
	GlobalSection(NestedProjects) = preSolution
		{EF6D347F-B4D7-488B-BD5F-232DD792E383} = {B1BED4AD-4920-434D-B37C-87C889937CE7}
	EndGlobalSection
	GlobalSection(ExtensibilityGlobals) = postSolution
		SolutionGuid = {8281AB90-F62A-4DD3-845C-006FA77DCEAD}
	EndGlobalSection
EndGlobal
